
Microsoft Visual Studio Solution File, Format Version 12.00
# Visual Studio Version 17
VisualStudioVersion = 17.10.34916.146
MinimumVisualStudioVersion = 10.0.40219.1
Project("{FAE04EC0-301F-11D3-BF4B-00C04F79EFBC}") = "GithubActionsVS", "GithubActionsVS\GithubActionsVS.csproj", "{81786FD4-92B1-4152-AEB6-F506E1367966}"
EndProject
Global
	GlobalSection(SolutionConfigurationPlatforms) = preSolution
		Debug|Any CPU = Debug|Any CPU
		Release|Any CPU = Release|Any CPU
	EndGlobalSection
	GlobalSection(ProjectConfigurationPlatforms) = postSolution
		{81786FD4-92B1-4152-AEB6-F506E1367966}.Debug|Any CPU.ActiveCfg = Debug|Any CPU
		{81786FD4-92B1-4152-AEB6-F506E1367966}.Debug|Any CPU.Build.0 = Debug|Any CPU
		{81786FD4-92B1-4152-AEB6-F506E1367966}.Release|Any CPU.ActiveCfg = Release|Any CPU
		{81786FD4-92B1-4152-AEB6-F506E1367966}.Release|Any CPU.Build.0 = Release|Any CPU
	EndGlobalSection
	GlobalSection(SolutionProperties) = preSolution
		HideSolutionNode = FALSE
	EndGlobalSection
	GlobalSection(ExtensibilityGlobals) = postSolution
		SolutionGuid = {A8817238-E1B2-414E-B814-2669D6AD6086}
	EndGlobalSection
EndGlobal
